
Microsoft Visual Studio Solution File, Format Version 12.00
# Visual Studio 15
VisualStudioVersion = 15.0.28307.271
MinimumVisualStudioVersion = 10.0.40219.1
Project("{FAE04EC0-301F-11D3-BF4B-00C04F79EFBC}") = "WindowsFormsApp1", "WindowsFormsApp1\WindowsFormsApp1.csproj", "{AE7E0808-7AAF-471D-BD82-DE72AF171DCE}"
EndProject
Global
	GlobalSection(SolutionConfigurationPlatforms) = preSolution
		Debug|Any CPU = Debug|Any CPU
		Release|Any CPU = Release|Any CPU
	EndGlobalSection
	GlobalSection(ProjectConfigurationPlatforms) = postSolution
		{AE7E0808-7AAF-471D-BD82-DE72AF171DCE}.Debug|Any CPU.ActiveCfg = Debug|Any CPU
		{AE7E0808-7AAF-471D-BD82-DE72AF171DCE}.Debug|Any CPU.Build.0 = Debug|Any CPU
		{AE7E0808-7AAF-471D-BD82-DE72AF171DCE}.Release|Any CPU.ActiveCfg = Release|Any CPU
		{AE7E0808-7AAF-471D-BD82-DE72AF171DCE}.Release|Any CPU.Build.0 = Release|Any CPU
	EndGlobalSection
	GlobalSection(SolutionProperties) = preSolution
		HideSolutionNode = FALSE
	EndGlobalSection
	GlobalSection(ExtensibilityGlobals) = postSolution
		SolutionGuid = {187DA5F5-A71D-48CE-BEC0-37FED415B7DB}
	EndGlobalSection
EndGlobal
